{
  "nodes": {
    "crane": {
      "locked": {
        "lastModified": 1790899423,
        "narHash": "sha256-THGtz65UGJU+sonZidRboyCMk+9DclpMF7pwL4uDV4M=",
        "owner": "ipetkov",
        "repo": "crane",
        "rev": "47b6b27ed9a3a9181415e4367d0c30ab2a0e0250",
        "type": "github"
      },
      "original": {
        "owner": "ipetkov",
        "repo": "crane",
        "type": "github"
      }
    },
    "flake-compat": {
      "flake": false,
      "locked": {
        "lastModified": 1767039857,
        "narHash": "sha256-vNpUSpF5Nuw8xvDLj2KCwwksIbjua2LZCqhV1LNRDns=",
        "owner": "NixOS",
        "repo": "flake-compat",
        "rev": "5edf11c44bc78a0d334f6334cdaf7d60d732daab",
        "type": "github"
      },
      "original": {
        "owner": "NixOS",
        "repo": "flake-compat",
        "type": "github"
      }
    },
    "flake-compat_2": {
      "flake": false,
      "locked": {
        "lastModified": 1767039857,
        "narHash": "sha256-vNpUSpF5Nuw8xvDLj2KCwwksIbjua2LZCqhV1LNRDns=",
        "owner": "NixOS",
        "repo": "flake-compat",
        "rev": "5edf11c44bc78a0d334f6334cdaf7d60d732daab",
        "type": "github"
      },
      "original": {
        "owner": "NixOS",
        "repo": "flake-compat",
        "type": "github"
      }
    },
    "flake-parts": {
      "inputs": {
        "nixpkgs-lib": "nixpkgs-lib"
      },
      "locked": {
        "lastModified": 1785627969,
        "narHash": "sha256-4dtXQk/NMePegK/nWp5NSeuZKLATItOq61lpEvmXqGw=",
        "owner": "hercules-ci",
        "repo": "flake-parts",
        "rev": "427bf4bd9435fdf21321c8cc628c24efc14c0f7a",
        "type": "github"
      },
      "original": {
        "owner": "hercules-ci",
        "repo": "flake-parts",
        "type": "github"
      }
    },
    "flake-parts_2": {
      "inputs": {
        "nixpkgs-lib": "nixpkgs-lib_2"
      },
      "locked": {
        "lastModified": 1788450739,
        "narHash": "sha256-glZLQlzIn1fXH6PazR2iUmTo7kzzyYSshrWhLS9TqCU=",
        "owner": "hercules-ci",
        "repo": "flake-parts",
        "rev": "31729ca8cbdb4fa927b34e5f4353e6a83f39e993",
        "type": "github"
      },
      "original": {
        "owner": "hercules-ci",
        "repo": "flake-parts",
        "type": "github"
      }
    },
    "flake-parts_3": {
      "inputs": {
        "nixpkgs-lib": "nixpkgs-lib_3"
      },
      "locked": {
        "lastModified": 1790898470,
        "narHash": "sha256-zTwuwezD0w3hpga6a6P8emidzAZFyWqlNeRBlpWOOl8=",
        "owner": "hercules-ci",
        "repo": "flake-parts",
        "rev": "024633cd702b10285db5cb19b40ad48d2399ba60",
        "type": "github"
      },
      "original": {
        "owner": "hercules-ci",
        "repo": "flake-parts",
        "type": "github"
      }
    },
    "flake-parts_4": {
      "inputs": {
        "nixpkgs-lib": "nixpkgs-lib_4"
      },
      "locked": {
        "lastModified": 1788450739,
        "narHash": "sha256-glZLQlzIn1fXH6PazR2iUmTo7kzzyYSshrWhLS9TqCU=",
        "owner": "hercules-ci",
        "repo": "flake-parts",
        "rev": "31729ca8cbdb4fa927b34e5f4353e6a83f39e993",
        "type": "github"
      },
      "original": {
        "owner": "hercules-ci",
        "repo": "flake-parts",
        "type": "github"
      }
    },
    "git-hooks": {
      "inputs": {
        "flake-compat": "flake-compat_2",
        "nixpkgs": [
          "proton-cachyos",
          "nixpkgs"
        ]
      },
      "locked": {
        "lastModified": 1790500375,
        "narHash": "sha256-XN3sDtn8TU9hAc9xqZ+SqRB/HHm2wjxM6aSWYLJU+oo=",
        "owner": "cachix",
        "repo": "git-hooks.nix",
        "rev": "a0e4241b51206fbcbf52fd322eb5f0cd80f153c4",
        "type": "github"
      },
      "original": {
        "owner": "cachix",
        "repo": "git-hooks.nix",
        "type": "github"
      }
    },
    "helium-flake": {
      "inputs": {
        "nixpkgs": [
          "nixpkgs"
        ]
      },
      "locked": {
        "lastModified": 1791557953,
        "narHash": "sha256-6OeKE4EqRCzic78zbOiSpzLt10H08NvZNyU9Z7qP1gI=",
        "owner": "oxcl",
        "repo": "nix-flake-helium-browser",
        "rev": "8e75e9f639451ddaaaf1c3e68134facb09cf5ad8",
        "type": "github"
      },
      "original": {
        "owner": "oxcl",
        "repo": "nix-flake-helium-browser",
        "type": "github"
      }
    },
    "jefetch": {
      "inputs": {
        "nixpkgs": [
          "nixpkgs"
        ]
      },
      "locked": {
        "lastModified": 1791620525,
        "narHash": "sha256-TCJdDnFGo8Gwn6L8pIpKeMrVpsAFKaf3vj4jDqfHOjs=",
        "owner": "Matko802",
        "repo": "jefetch",
        "rev": "a9367c0a1619ab75a0f95521fda560bc867615ff",
        "type": "github"
      },
      "original": {
        "owner": "Matko802",
        "repo": "jefetch",
        "type": "github"
      }
    },
    "lmms-appimage": {
      "inputs": {
        "nixpkgs": [
          "nixpkgs"
        ]
      },
      "locked": {
        "lastModified": 1790067943,
        "narHash": "sha256-i/RPnLbyGbk26WJ+vlGTH5GVYeZage5yUs9NYW36hrw=",
        "owner": "Matko802",
        "repo": "lmms-appimage-nix",
        "rev": "2a1652e38487b304dd4ee7e39e352a05b6bf5f8b",
        "type": "github"
      },
      "original": {
        "owner": "Matko802",
        "repo": "lmms-appimage-nix",
        "type": "github"
      }
    },
    "mocktail": {
      "inputs": {
        "flake-parts": "flake-parts",
        "nixpkgs": [
          "nixpkgs"
        ]
      },
      "locked": {
        "lastModified": 1791550175,
        "narHash": "sha256-YXYTCfkiceyMMBM/ghQtm+6uNx/wus1HqMXtfEoTm+Y=",
        "ref": "main",
        "rev": "551d2a182960e09b4a759b1420c4f1295e4a76f7",
        "revCount": 153,
        "type": "git",
        "url": "https://github.com/komaruworld/mocktail"
      },
      "original": {
        "ref": "main",
        "type": "git",
        "url": "https://github.com/komaruworld/mocktail"
      }
    },
    "musishark": {
      "inputs": {
        "crane": "crane",
        "nixpkgs": [
          "nixpkgs"
        ],
        "utils": "utils"
      },
      "locked": {
        "lastModified": 1791558586,
        "narHash": "sha256-HPoHiESn8tvfzWiH3k/t96N2W2s6oGIPJjrSnoICDPU=",
        "owner": "Matko802",
        "repo": "musishark",
        "rev": "a1b439f911f185aca1d334037d3bb0b75f8cd0e2",
        "type": "github"
      },
      "original": {
        "owner": "Matko802",
        "repo": "musishark",
        "type": "github"
      }
    },
    "nix-cachyos-kernel": {
      "inputs": {
        "flake-compat": "flake-compat",
        "flake-parts": "flake-parts_2",
        "nixpkgs": "nixpkgs"
      },
      "locked": {
        "lastModified": 1790564970,
        "narHash": "sha256-ANcKKTLB5oitjAYPp+iWts5clpbowVbDPVvt03P7Hes=",
        "owner": "xddxdd",
        "repo": "nix-cachyos-kernel",
        "rev": "b1332396df6e880d7e3b6b451c6a74132ce8cf66",
        "type": "github"
      },
      "original": {
        "owner": "xddxdd",
        "ref": "release",
        "repo": "nix-cachyos-kernel",
        "type": "github"
      }
    },
    "nixpkgs": {
      "locked": {
        "lastModified": 1790505892,
        "narHash": "sha256-/pAz2XfqHS//WRn2xRjoqes7Z92qZ0Q1gufZZ3PtuwA=",
        "owner": "NixOS",
        "repo": "nixpkgs",
        "rev": "545c226a9af7f59fba5c3873f7c6a65e014c8f5f",
        "type": "github"
      },
      "original": {
        "owner": "NixOS",
        "ref": "nixos-unstable-small",
        "repo": "nixpkgs",
        "type": "github"
      }
    },
    "nixpkgs-lib": {
      "locked": {
        "lastModified": 1785031560,
        "narHash": "sha256-OmshNvn2vupOFpYinLUu+1Dnpu4n7Q5N3ggGVNHpkUI=",
        "owner": "nix-community",
        "repo": "nixpkgs.lib",
        "rev": "0e79af5e3d4dcfcd676ab5ba3f95d2e3352e078c",
        "type": "github"
      },
      "original": {
        "owner": "nix-community",
        "repo": "nixpkgs.lib",
        "type": "github"
      }
    },
    "nixpkgs-lib_2": {
      "locked": {
        "lastModified": 1788057806,
        "narHash": "sha256-DTQSMxzDWmT0zhguthvegnVkn7CFqGCv4IHCzk5ZUpM=",
        "owner": "nix-community",
        "repo": "nixpkgs.lib",
        "rev": "596e2e3940e09b2abbeb03f75fa1828c57fcd72c",
        "type": "github"
      },
      "original": {
        "owner": "nix-community",
        "repo": "nixpkgs.lib",
        "type": "github"
      }
    },
    "nixpkgs-lib_3": {
      "locked": {
        "lastModified": 1790477367,
        "narHash": "sha256-oujbxmVKDhci2E4EM3KyAbRUgp5/IsCoiA/LfEF7OOk=",
        "owner": "nix-community",
        "repo": "nixpkgs.lib",
        "rev": "f7cd230690d9fc982d06129f9189b101fddcfa3b",
        "type": "github"
      },
      "original": {
        "owner": "nix-community",
        "repo": "nixpkgs.lib",
        "type": "github"
      }
    },
    "nixpkgs-lib_4": {
      "locked": {
        "lastModified": 1788057806,
        "narHash": "sha256-DTQSMxzDWmT0zhguthvegnVkn7CFqGCv4IHCzk5ZUpM=",
        "owner": "nix-community",
        "repo": "nixpkgs.lib",
        "rev": "596e2e3940e09b2abbeb03f75fa1828c57fcd72c",
        "type": "github"
      },
      "original": {
        "owner": "nix-community",
        "repo": "nixpkgs.lib",
        "type": "github"
      }
    },
    "nixpkgs_2": {
      "locked": {
        "lastModified": 1791456040,
        "narHash": "sha256-gRZ/s8WQJ2CsXdhcDVQH34qxuL0MuMCOs3aBiK1Prsw=",
        "rev": "e7439b6b14ad3cc35d05608ebca9bce01a25f5f8",
        "type": "tarball",
        "url": "https://releases.nixos.org/nixos/unstable/nixos-26.11pre1087755.e7439b6b14ad/nixexprs.tar.xz"
      },
      "original": {
        "type": "tarball",
        "url": "https://channels.nixos.org/nixos-unstable/nixexprs.tar.xz"
      }
    },
    "pandora-launcher": {
      "inputs": {
        "nixpkgs": [
          "nixpkgs"
        ]
      },
      "locked": {
        "lastModified": 1790698721,
        "narHash": "sha256-oG0C4er3b/6W+VORyhDO8v02l7NyvfLWj4O6jt9vGFU=",
        "owner": "Matko802",
        "repo": "PandoraLauncher-Flake",
        "rev": "0e75d3fb83f2cdc33535e9403cf9cd8b8b46e85f",
        "type": "github"
      },
      "original": {
        "owner": "Matko802",
        "repo": "PandoraLauncher-Flake",
        "type": "github"
      }
    },
    "proton-cachyos": {
      "inputs": {
        "flake-parts": "flake-parts_3",
        "git-hooks": "git-hooks",
        "nixpkgs": [
          "nixpkgs"
        ],
        "std": "std"
      },
      "locked": {
        "lastModified": 1791206513,
        "narHash": "sha256-30v5epkeajP/rrDQiCSMRlndjhlX/ec/EUwADMY69z0=",
        "owner": "Daaboulex",
        "repo": "proton-cachyos-nix",
        "rev": "c60c073d4f047645e9b054f6d19eda22af58b31b",
        "type": "github"
      },
      "original": {
        "owner": "Daaboulex",
        "repo": "proton-cachyos-nix",
        "type": "github"
      }
    },
    "qtengine": {
      "inputs": {
        "nixpkgs": [
          "nixpkgs"
        ]
      },
      "locked": {
        "lastModified": 1791344020,
        "narHash": "sha256-X6ysVuwPHY7YvKgLesgsW8VpMbj0xmtEhWSnUH6UfTU=",
        "owner": "kossLAN",
        "repo": "qtengine",
        "rev": "3dc142ab265e1d84d74da1782c3e46a8d1d35add",
        "type": "github"
      },
      "original": {
        "owner": "kossLAN",
        "repo": "qtengine",
        "type": "github"
      }
    },
    "root": {
      "inputs": {
        "helium-flake": "helium-flake",
        "jefetch": "jefetch",
        "lmms-appimage": "lmms-appimage",
        "mocktail": "mocktail",
        "musishark": "musishark",
        "nix-cachyos-kernel": "nix-cachyos-kernel",
        "nixpkgs": "nixpkgs_2",
        "pandora-launcher": "pandora-launcher",
        "proton-cachyos": "proton-cachyos",
        "qtengine": "qtengine",
        "rootapp": "rootapp",
        "ruwa": "ruwa",
        "shark-scrp": "shark-scrp",
        "sharkshell": "sharkshell",
        "sharkvis": "sharkvis",
        "zen-browser": "zen-browser"
      }
    },
    "rootapp": {
      "inputs": {
        "nixpkgs": [
          "nixpkgs"
        ]
      },
      "locked": {
        "lastModified": 1791658064,
        "narHash": "sha256-1Z/70KFz9wAFKghOG5bt+KPI98MC5NEBxtEXJkzOB+g=",
        "owner": "Matko802",
        "repo": "rootapp-flake",
        "rev": "222fb735f03a34d5fed2690f79619b60386cb8d3",
        "type": "github"
      },
      "original": {
        "owner": "Matko802",
        "repo": "rootapp-flake",
        "type": "github"
      }
    },
    "ruwa": {
      "inputs": {
        "nixpkgs": [
          "nixpkgs"
        ]
      },
      "locked": {
        "lastModified": 1791658704,
        "narHash": "sha256-ZShfdhYoveuzsUpNUfAOnmxNShYXcf7Ypu1I4xJ34FU=",
        "owner": "Matko802",
        "repo": "ruwa",
        "rev": "aa34005e1887ed8140617e59f81f6223060d600a",
        "type": "github"
      },
      "original": {
        "owner": "Matko802",
        "repo": "ruwa",
        "type": "github"
      }
    },
    "shark-scrp": {
      "inputs": {
        "nixpkgs": [
          "nixpkgs"
        ]
      },
      "locked": {
        "lastModified": 1791478854,
        "narHash": "sha256-iwwXHSfUpBfHkZ2EJw6xIJQPfSYX8x84zsGt9JKIALQ=",
        "owner": "Matko802",
        "repo": "shark-scrp",
        "rev": "cb2162d6f8691ec2fb4c8820e17111d064ae1e03",
        "type": "github"
      },
      "original": {
        "owner": "Matko802",
        "repo": "shark-scrp",
        "type": "github"
      }
    },
    "sharkshell": {
      "flake": false,
      "locked": {
        "lastModified": 1791636554,
        "narHash": "sha256-lOmefdngSbtVMMim8R3dNDPjGbO5+paBts9cIgfvu84=",
        "owner": "Matko802",
        "repo": "sharkshell",
        "rev": "7565d6163f59d1df982270b677b9b28781d212e5",
        "type": "github"
      },
      "original": {
        "owner": "Matko802",
        "repo": "sharkshell",
        "type": "github"
      }
    },
    "sharkvis": {
      "inputs": {
        "nixpkgs": [
          "nixpkgs"
        ]
      },
      "locked": {
        "lastModified": 1791617568,
        "narHash": "sha256-mi5wqsCf54Xj52GSaJlJAa5zANVRF7K6IWg44njDuUY=",
        "owner": "Matko802",
        "repo": "sharkvis",
        "rev": "6e5075843aee6f6ab21f8291f786f0f93a15f298",
        "type": "github"
      },
      "original": {
        "owner": "Matko802",
        "repo": "sharkvis",
        "type": "github"
      }
    },
    "std": {
      "inputs": {
        "flake-parts": "flake-parts_4",
        "git-hooks": [
          "proton-cachyos",
          "git-hooks"
        ],
        "nixpkgs": [
          "proton-cachyos",
          "nixpkgs"
        ]
      },
      "locked": {
        "lastModified": 1790680785,
        "narHash": "sha256-nF4Sl2l32ZKLQaeNIF1B7knCdN6sz5X+pid6FRxJ1XM=",
        "owner": "Daaboulex",
        "repo": "nix-packaging-standard",
        "rev": "e242b56100b73bac042f90bea721432ed4cda493",
        "type": "github"
      },
      "original": {
        "owner": "Daaboulex",
        "ref": "v2.40.1",
        "repo": "nix-packaging-standard",
        "type": "github"
      }
    },
    "systems": {
      "locked": {
        "lastModified": 1681028828,
        "narHash": "sha256-Vy1rq5AaRuLzOxct8nz4T6wlgyUR7zLU309k9mBC768=",
        "owner": "nix-systems",
        "repo": "default",
        "rev": "da67096a3b9bf56a91d16901293e51ba5b49a27e",
        "type": "github"
      },
      "original": {
        "owner": "nix-systems",
        "repo": "default",
        "type": "github"
      }
    },
    "utils": {
      "inputs": {
        "systems": "systems"
      },
      "locked": {
        "lastModified": 1731533236,
        "narHash": "sha256-l0KFg5HjrsfsO/JpG+r7fRrqm12kzFHyUHqHCVpMMbI=",
        "owner": "numtide",
        "repo": "flake-utils",
        "rev": "11707dc2f618dd54ca8739b309ec4fc024de578b",
        "type": "github"
      },
      "original": {
        "owner": "numtide",
        "repo": "flake-utils",
        "type": "github"
      }
    },
    "zen-browser": {
      "inputs": {
        "nixpkgs": [
          "nixpkgs"
        ]
      },
      "locked": {
        "lastModified": 1791627880,
        "narHash": "sha256-qpJE5ug1T+7LEdXRLI9/ZIwe/rzqjILR9BpMg/sNVtM=",
        "owner": "youwen5",
        "repo": "zen-browser-flake",
        "rev": "458cd16116c362a5e92d5db6bdc3599e4e8b1f4a",
        "type": "github"
      },
      "original": {
        "owner": "youwen5",
        "repo": "zen-browser-flake",
        "type": "github"
      }
    }
  },
  "root": "root",
  "version": 7
}
