{
  "nodes": {
    "crane": {
      "locked": {
        "lastModified": 1787326676,
        "narHash": "sha256-lWhBbBvC05/xwivKBBiM2YNizpmgqCgyOIzomvRuwxs=",
        "owner": "ipetkov",
        "repo": "crane",
        "rev": "692f7e9ef2ece8125b466f66f2af532b3edaed0d",
        "type": "github"
      },
      "original": {
        "owner": "ipetkov",
        "repo": "crane",
        "type": "github"
      }
    },
    "crane_2": {
      "locked": {
        "lastModified": 1787326676,
        "narHash": "sha256-lWhBbBvC05/xwivKBBiM2YNizpmgqCgyOIzomvRuwxs=",
        "owner": "ipetkov",
        "repo": "crane",
        "rev": "692f7e9ef2ece8125b466f66f2af532b3edaed0d",
        "type": "github"
      },
      "original": {
        "owner": "ipetkov",
        "repo": "crane",
        "type": "github"
      }
    },
    "flake-compat": {
      "flake": false,
      "locked": {
        "lastModified": 1767039857,
        "narHash": "sha256-vNpUSpF5Nuw8xvDLj2KCwwksIbjua2LZCqhV1LNRDns=",
        "owner": "NixOS",
        "repo": "flake-compat",
        "rev": "5edf11c44bc78a0d334f6334cdaf7d60d732daab",
        "type": "github"
      },
      "original": {
        "owner": "NixOS",
        "repo": "flake-compat",
        "type": "github"
      }
    },
    "flake-parts": {
      "inputs": {
        "nixpkgs-lib": "nixpkgs-lib"
      },
      "locked": {
        "lastModified": 1782949081,
        "narHash": "sha256-vp6Y/Grm98ESt6ceOkWiHWyZRDV3J1RID4w+6NWK9yA=",
        "owner": "hercules-ci",
        "repo": "flake-parts",
        "rev": "17c9d6cdfc60c64f4ee8d306f9bc0b4ccb51481e",
        "type": "github"
      },
      "original": {
        "owner": "hercules-ci",
        "repo": "flake-parts",
        "type": "github"
      }
    },
    "flake-parts_2": {
      "inputs": {
        "nixpkgs-lib": "nixpkgs-lib_2"
      },
      "locked": {
        "lastModified": 1785627969,
        "narHash": "sha256-4dtXQk/NMePegK/nWp5NSeuZKLATItOq61lpEvmXqGw=",
        "owner": "hercules-ci",
        "repo": "flake-parts",
        "rev": "427bf4bd9435fdf21321c8cc628c24efc14c0f7a",
        "type": "github"
      },
      "original": {
        "owner": "hercules-ci",
        "repo": "flake-parts",
        "type": "github"
      }
    },
    "flake-parts_3": {
      "inputs": {
        "nixpkgs-lib": "nixpkgs-lib_3"
      },
      "locked": {
        "lastModified": 1787559586,
        "narHash": "sha256-onL0VLf9vPllmT0H/OlURIU5r5t5WIEl7t4tVNKT0Nw=",
        "owner": "hercules-ci",
        "repo": "flake-parts",
        "rev": "9d0d87172c374f89da73c1cfe6d81ae62feac1f1",
        "type": "github"
      },
      "original": {
        "owner": "hercules-ci",
        "repo": "flake-parts",
        "type": "github"
      }
    },
    "flake-utils": {
      "inputs": {
        "systems": [
          "mango",
          "scenefx",
          "systems"
        ]
      },
      "locked": {
        "lastModified": 1731533236,
        "narHash": "sha256-l0KFg5HjrsfsO/JpG+r7fRrqm12kzFHyUHqHCVpMMbI=",
        "owner": "numtide",
        "repo": "flake-utils",
        "rev": "11707dc2f618dd54ca8739b309ec4fc024de578b",
        "type": "github"
      },
      "original": {
        "owner": "numtide",
        "repo": "flake-utils",
        "type": "github"
      }
    },
    "flake-utils_2": {
      "inputs": {
        "systems": "systems_2"
      },
      "locked": {
        "lastModified": 1731533236,
        "narHash": "sha256-l0KFg5HjrsfsO/JpG+r7fRrqm12kzFHyUHqHCVpMMbI=",
        "owner": "numtide",
        "repo": "flake-utils",
        "rev": "11707dc2f618dd54ca8739b309ec4fc024de578b",
        "type": "github"
      },
      "original": {
        "owner": "numtide",
        "repo": "flake-utils",
        "type": "github"
      }
    },
    "helium-flake": {
      "inputs": {
        "nixpkgs": [
          "nixpkgs"
        ]
      },
      "locked": {
        "lastModified": 1788010690,
        "narHash": "sha256-q6N9/jYcZ7iH/kN84pnxA1K82ehsF3VUG5eWXSdQBYQ=",
        "owner": "oxcl",
        "repo": "nix-flake-helium-browser",
        "rev": "4bd54ca0c956d1b976c143fbb194b090422e13fd",
        "type": "github"
      },
      "original": {
        "owner": "oxcl",
        "repo": "nix-flake-helium-browser",
        "type": "github"
      }
    },
    "mango": {
      "inputs": {
        "flake-parts": "flake-parts",
        "nixpkgs": [
          "nixpkgs"
        ],
        "scenefx": "scenefx"
      },
      "locked": {
        "lastModified": 1788074872,
        "narHash": "sha256-vRD1TdpWrQyA/t4fjtcLYG2s/3QUmbv32EQdTY+jqNY=",
        "owner": "mangowm",
        "repo": "mango",
        "rev": "3bec4208f1a70307e89ad1e323051114a9fbf2d7",
        "type": "github"
      },
      "original": {
        "owner": "mangowm",
        "repo": "mango",
        "type": "github"
      }
    },
    "mocktail": {
      "inputs": {
        "flake-parts": "flake-parts_2",
        "nixpkgs": [
          "nixpkgs"
        ]
      },
      "locked": {
        "lastModified": 1788093318,
        "narHash": "sha256-bwOhL7TMlT3LJO+QpCadH/PYlVoyMXD8KjSL8YCbMkg=",
        "ref": "main",
        "rev": "ae417490f18e9746ed204c239a761cd9e58672ff",
        "revCount": 82,
        "type": "git",
        "url": "https://github.com/komaruworld/mocktail"
      },
      "original": {
        "ref": "main",
        "type": "git",
        "url": "https://github.com/komaruworld/mocktail"
      }
    },
    "nix-cachyos-kernel": {
      "inputs": {
        "flake-compat": "flake-compat",
        "flake-parts": "flake-parts_3",
        "nixpkgs": [
          "nixpkgs"
        ]
      },
      "locked": {
        "lastModified": 1788033655,
        "narHash": "sha256-fW6YCIm8RT9KZ4JwceIKsGB8kyGcnku0edA8fCjVB/0=",
        "owner": "xddxdd",
        "repo": "nix-cachyos-kernel",
        "rev": "f39e7d511ce7c2c95a12b828b72d9463f329e68b",
        "type": "github"
      },
      "original": {
        "owner": "xddxdd",
        "ref": "release",
        "repo": "nix-cachyos-kernel",
        "type": "github"
      }
    },
    "nixpkgs": {
      "locked": {
        "lastModified": 1787900134,
        "narHash": "sha256-VYXO0XZlgj06dxJZRhrD3WoSsvq/c7+/Akyoa22pefw=",
        "owner": "nixos",
        "repo": "nixpkgs",
        "rev": "83199d0d373dd3ac2b9a1996b1d0263f76ab7a4c",
        "type": "github"
      },
      "original": {
        "owner": "nixos",
        "ref": "nixos-unstable",
        "repo": "nixpkgs",
        "type": "github"
      }
    },
    "nixpkgs-lib": {
      "locked": {
        "lastModified": 1782614948,
        "narHash": "sha256-ePjCwr1sNm9NYUqywL7QfK3JnlS015msC+eBu2zKlp8=",
        "owner": "nix-community",
        "repo": "nixpkgs.lib",
        "rev": "db3f255737b94216eb71cce308e2912cf6bc2d7c",
        "type": "github"
      },
      "original": {
        "owner": "nix-community",
        "repo": "nixpkgs.lib",
        "type": "github"
      }
    },
    "nixpkgs-lib_2": {
      "locked": {
        "lastModified": 1785031560,
        "narHash": "sha256-OmshNvn2vupOFpYinLUu+1Dnpu4n7Q5N3ggGVNHpkUI=",
        "owner": "nix-community",
        "repo": "nixpkgs.lib",
        "rev": "0e79af5e3d4dcfcd676ab5ba3f95d2e3352e078c",
        "type": "github"
      },
      "original": {
        "owner": "nix-community",
        "repo": "nixpkgs.lib",
        "type": "github"
      }
    },
    "nixpkgs-lib_3": {
      "locked": {
        "lastModified": 1785031560,
        "narHash": "sha256-OmshNvn2vupOFpYinLUu+1Dnpu4n7Q5N3ggGVNHpkUI=",
        "owner": "nix-community",
        "repo": "nixpkgs.lib",
        "rev": "0e79af5e3d4dcfcd676ab5ba3f95d2e3352e078c",
        "type": "github"
      },
      "original": {
        "owner": "nix-community",
        "repo": "nixpkgs.lib",
        "type": "github"
      }
    },
    "opencode-desktop": {
      "inputs": {
        "nixpkgs": [
          "nixpkgs"
        ]
      },
      "locked": {
        "lastModified": 1788096380,
        "narHash": "sha256-2VV9gRRrJlOH31fM3yj5jb6h9KeXl/5bdlC4QU46gkA=",
        "path": "/mnt/ssd/My-Files/Projects/opencode-desktop-rs",
        "type": "path"
      },
      "original": {
        "path": "/mnt/ssd/My-Files/Projects/opencode-desktop-rs",
        "type": "path"
      }
    },
    "qtengine": {
      "inputs": {
        "nixpkgs": [
          "nixpkgs"
        ]
      },
      "locked": {
        "lastModified": 1778644540,
        "narHash": "sha256-D7mzavE5WfLyvEXV0pvO3/gxC+SSmfjw4Lxy7I5qvnI=",
        "owner": "kossLAN",
        "repo": "qtengine",
        "rev": "073987f0120ac77a92fb9f0c0877aa7f1f04d3bf",
        "type": "github"
      },
      "original": {
        "owner": "kossLAN",
        "repo": "qtengine",
        "type": "github"
      }
    },
    "root": {
      "inputs": {
        "helium-flake": "helium-flake",
        "mango": "mango",
        "mocktail": "mocktail",
        "nix-cachyos-kernel": "nix-cachyos-kernel",
        "nixpkgs": "nixpkgs",
        "opencode-desktop": "opencode-desktop",
        "qtengine": "qtengine",
        "shark-scrp": "shark-scrp",
        "sharkmanager": "sharkmanager",
        "sharkvis": "sharkvis",
        "sharkvis-gtk": "sharkvis-gtk"
      }
    },
    "rust-overlay": {
      "inputs": {
        "nixpkgs": [
          "sharkmanager",
          "nixpkgs"
        ]
      },
      "locked": {
        "lastModified": 1787926460,
        "narHash": "sha256-Rf2+5+ACRsI0xBicCraxsBtfSaQ93Br0Nr22nWimkS4=",
        "owner": "oxalica",
        "repo": "rust-overlay",
        "rev": "04ceec130b3a935d01584d4b1a68a366919674a9",
        "type": "github"
      },
      "original": {
        "owner": "oxalica",
        "repo": "rust-overlay",
        "type": "github"
      }
    },
    "scenefx": {
      "inputs": {
        "flake-utils": "flake-utils",
        "nixpkgs": [
          "mango",
          "nixpkgs"
        ],
        "systems": "systems"
      },
      "locked": {
        "lastModified": 1782624992,
        "narHash": "sha256-vUjLG6eubEhJJVa9LPygIcVmNoHwYbSUTJcWEcbxnU4=",
        "owner": "wlrfx",
        "repo": "scenefx",
        "rev": "37ccd723bef49e6891156ffafce8f549f01446cc",
        "type": "github"
      },
      "original": {
        "owner": "wlrfx",
        "repo": "scenefx",
        "type": "github"
      }
    },
    "shark-scrp": {
      "inputs": {
        "crane": "crane",
        "nixpkgs": [
          "nixpkgs"
        ]
      },
      "locked": {
        "lastModified": 1788094902,
        "narHash": "sha256-qLdIX86u65PURNhDIsWEQ/wx15Mspdf8Tm1J/NaIuUw=",
        "path": "/mnt/ssd/My-Files/Projects/shark-scrp",
        "type": "path"
      },
      "original": {
        "path": "/mnt/ssd/My-Files/Projects/shark-scrp",
        "type": "path"
      }
    },
    "sharkmanager": {
      "inputs": {
        "flake-utils": "flake-utils_2",
        "nixpkgs": [
          "nixpkgs"
        ],
        "rust-overlay": "rust-overlay"
      },
      "locked": {
        "lastModified": 1788074629,
        "narHash": "sha256-54Gi8A/6WRMMJQwUBWGLMCQi6fTB5iqd6UY+V8UAOac=",
        "path": "/mnt/ssd/My-Files/Projects/sharkmanager",
        "type": "path"
      },
      "original": {
        "path": "/mnt/ssd/My-Files/Projects/sharkmanager",
        "type": "path"
      }
    },
    "sharkvis": {
      "inputs": {
        "nixpkgs": [
          "nixpkgs"
        ]
      },
      "locked": {
        "lastModified": 1788070920,
        "narHash": "sha256-sTdT64nl6ooOKYYJ8XebTcvThqONuI8fEFozraNE4hc=",
        "owner": "Matko802",
        "repo": "sharkvis",
        "rev": "01b944582f79b3f439248a98d60c66864e7da780",
        "type": "github"
      },
      "original": {
        "owner": "Matko802",
        "repo": "sharkvis",
        "type": "github"
      }
    },
    "sharkvis-gtk": {
      "inputs": {
        "crane": "crane_2",
        "nixpkgs": [
          "nixpkgs"
        ]
      },
      "locked": {
        "lastModified": 1787551490,
        "narHash": "sha256-/9S734ZaUdO86TpLe2PtfV2YaqYpqX9wVoIlX7O4Psg=",
        "ref": "refs/heads/main",
        "rev": "2f9474534db0d2a0f94c056e98ea933b334cf25f",
        "revCount": 32,
        "type": "git",
        "url": "file:///mnt/ssd/My-Files/Projects/sharkvis-gtk"
      },
      "original": {
        "type": "git",
        "url": "file:///mnt/ssd/My-Files/Projects/sharkvis-gtk"
      }
    },
    "systems": {
      "locked": {
        "lastModified": 1689347949,
        "narHash": "sha256-12tWmuL2zgBgZkdoB6qXZsgJEH9LR3oUgpaQq2RbI80=",
        "owner": "nix-systems",
        "repo": "default-linux",
        "rev": "31732fcf5e8fea42e59c2488ad31a0e651500f68",
        "type": "github"
      },
      "original": {
        "owner": "nix-systems",
        "repo": "default-linux",
        "type": "github"
      }
    },
    "systems_2": {
      "locked": {
        "lastModified": 1681028828,
        "narHash": "sha256-Vy1rq5AaRuLzOxct8nz4T6wlgyUR7zLU309k9mBC768=",
        "owner": "nix-systems",
        "repo": "default",
        "rev": "da67096a3b9bf56a91d16901293e51ba5b49a27e",
        "type": "github"
      },
      "original": {
        "owner": "nix-systems",
        "repo": "default",
        "type": "github"
      }
    }
  },
  "root": "root",
  "version": 7
}
